
Microsoft Visual Studio Solution File, Format Version 12.00
# Visual Studio Version 17
VisualStudioVersion = 17.7.34221.43
MinimumVisualStudioVersion = 10.0.40219.1
Project("{FAE04EC0-301F-11D3-BF4B-00C04F79EFBC}") = "ManagementServer", "ManagementServer\ManagementServer.csproj", "{E3DE6940-9FE6-4637-8DCA-5754524B9B08}"
EndProject
Project("{FAE04EC0-301F-11D3-BF4B-00C04F79EFBC}") = "Client", "Client\Client.csproj", "{4D4CA9B5-382F-4480-A420-761E730A6401}"
EndProject
Project("{FAE04EC0-301F-11D3-BF4B-00C04F79EFBC}") = "CMS.Common", "CMS.Common\CMS.Common.csproj", "{EFADD2D3-2850-4201-BE54-B185B3C7BE4C}"
EndProject
Project("{FAE04EC0-301F-11D3-BF4B-00C04F79EFBC}") = "CMS.Data", "CMS.Data\CMS.Data.csproj", "{1DD282BF-F82F-43F2-95A3-395607639CE9}"
EndProject
Global
	GlobalSection(SolutionConfigurationPlatforms) = preSolution
		Debug|Any CPU = Debug|Any CPU
		Release|Any CPU = Release|Any CPU
	EndGlobalSection
	GlobalSection(ProjectConfigurationPlatforms) = postSolution
		{E3DE6940-9FE6-4637-8DCA-5754524B9B08}.Debug|Any CPU.ActiveCfg = Debug|Any CPU
		{E3DE6940-9FE6-4637-8DCA-5754524B9B08}.Debug|Any CPU.Build.0 = Debug|Any CPU
		{E3DE6940-9FE6-4637-8DCA-5754524B9B08}.Release|Any CPU.ActiveCfg = Release|Any CPU
		{E3DE6940-9FE6-4637-8DCA-5754524B9B08}.Release|Any CPU.Build.0 = Release|Any CPU
		{4D4CA9B5-382F-4480-A420-761E730A6401}.Debug|Any CPU.ActiveCfg = Debug|Any CPU
		{4D4CA9B5-382F-4480-A420-761E730A6401}.Debug|Any CPU.Build.0 = Debug|Any CPU
		{4D4CA9B5-382F-4480-A420-761E730A6401}.Release|Any CPU.ActiveCfg = Release|Any CPU
		{4D4CA9B5-382F-4480-A420-761E730A6401}.Release|Any CPU.Build.0 = Release|Any CPU
		{EFADD2D3-2850-4201-BE54-B185B3C7BE4C}.Debug|Any CPU.ActiveCfg = Debug|Any CPU
		{EFADD2D3-2850-4201-BE54-B185B3C7BE4C}.Debug|Any CPU.Build.0 = Debug|Any CPU
		{EFADD2D3-2850-4201-BE54-B185B3C7BE4C}.Release|Any CPU.ActiveCfg = Release|Any CPU
		{EFADD2D3-2850-4201-BE54-B185B3C7BE4C}.Release|Any CPU.Build.0 = Release|Any CPU
		{1DD282BF-F82F-43F2-95A3-395607639CE9}.Debug|Any CPU.ActiveCfg = Debug|Any CPU
		{1DD282BF-F82F-43F2-95A3-395607639CE9}.Debug|Any CPU.Build.0 = Debug|Any CPU
		{1DD282BF-F82F-43F2-95A3-395607639CE9}.Release|Any CPU.ActiveCfg = Release|Any CPU
		{1DD282BF-F82F-43F2-95A3-395607639CE9}.Release|Any CPU.Build.0 = Release|Any CPU
	EndGlobalSection
	GlobalSection(SolutionProperties) = preSolution
		HideSolutionNode = FALSE
	EndGlobalSection
	GlobalSection(ExtensibilityGlobals) = postSolution
		SolutionGuid = {82990CE0-D8CA-42A4-85BA-BAB66DCC7A21}
	EndGlobalSection
EndGlobal
